{
  "object": {
    "pins": [
      {
        "package": "swift-log",
        "repositoryURL": "https://github.com/apple/swift-log.git",
        "state": {
          "branch": null,
          "revision": "6fe203dc33195667ce1759bf0182975e4653ba1c",
          "version": "1.4.4"
        }
      },
      {
        "package": "SQLite",
        "repositoryURL": "https://github.com/readdle/swift-sqlite",
        "state": {
          "branch": null,
          "revision": "f83bd1d0849d24e6bfc7373803395a6e19f1a5e2",
          "version": "3.39.4"
        }
      }
    ]
  },
  "version": 1
}
