{
  "object": {
    "pins": [
      {
        "package": "swift-log",
        "repositoryURL": "https://github.com/apple/swift-log.git",
        "state": {
          "branch": null,
          "revision": "6fe203dc33195667ce1759bf0182975e4653ba1c",
          "version": "1.4.4"
        }
      },
      {
        "package": "SQLite",
        "repositoryURL": "https://github.com/readdle/swift-sqlite",
        "state": {
          "branch": null,
          "revision": "3793d5a70e18ba6ddbd3e28f154549d4e4c7befb",
          "version": "3.39.4-unicode.1"
        }
      },
      {
        "package": "unicode",
        "repositoryURL": "https://github.com/readdle/swift-unicode",
        "state": {
          "branch": null,
          "revision": "fb8aac372834ccb8fab0a5c1742df862d47c4156",
          "version": "68.2.0"
        }
      }
    ]
  },
  "version": 1
}
